
Microsoft Visual Studio Solution File, Format Version 12.00
# Visual Studio 15
VisualStudioVersion = 15.0.27428.2043
MinimumVisualStudioVersion = 10.0.40219.1
Project("{FAE04EC0-301F-11D3-BF4B-00C04F79EFBC}") = "FriendOrganizer.UI", "FriendOrganizer.UI\FriendOrganizer.UI.csproj", "{D751D884-8DF1-4E08-965E-8F41BD4C1D7D}"
EndProject
Project("{FAE04EC0-301F-11D3-BF4B-00C04F79EFBC}") = "FriendOrganizer.DataAccess", "FriendOrganizer.DataAccess\FriendOrganizer.DataAccess.csproj", "{F677F66E-FCC5-4333-BA9D-EAD09990B887}"
EndProject
Project("{FAE04EC0-301F-11D3-BF4B-00C04F79EFBC}") = "FriendOrganizer.Model", "FriendOrganizer.Model\FriendOrganizer.Model.csproj", "{6D013741-D656-4756-ACF1-CDBE2DA7B28C}"
EndProject
Global
	GlobalSection(SolutionConfigurationPlatforms) = preSolution
		Debug|Any CPU = Debug|Any CPU
		Release|Any CPU = Release|Any CPU
	EndGlobalSection
	GlobalSection(ProjectConfigurationPlatforms) = postSolution
		{D751D884-8DF1-4E08-965E-8F41BD4C1D7D}.Debug|Any CPU.ActiveCfg = Debug|Any CPU
		{D751D884-8DF1-4E08-965E-8F41BD4C1D7D}.Debug|Any CPU.Build.0 = Debug|Any CPU
		{D751D884-8DF1-4E08-965E-8F41BD4C1D7D}.Release|Any CPU.ActiveCfg = Release|Any CPU
		{D751D884-8DF1-4E08-965E-8F41BD4C1D7D}.Release|Any CPU.Build.0 = Release|Any CPU
		{F677F66E-FCC5-4333-BA9D-EAD09990B887}.Debug|Any CPU.ActiveCfg = Debug|Any CPU
		{F677F66E-FCC5-4333-BA9D-EAD09990B887}.Debug|Any CPU.Build.0 = Debug|Any CPU
		{F677F66E-FCC5-4333-BA9D-EAD09990B887}.Release|Any CPU.ActiveCfg = Release|Any CPU
		{F677F66E-FCC5-4333-BA9D-EAD09990B887}.Release|Any CPU.Build.0 = Release|Any CPU
		{6D013741-D656-4756-ACF1-CDBE2DA7B28C}.Debug|Any CPU.ActiveCfg = Debug|Any CPU
		{6D013741-D656-4756-ACF1-CDBE2DA7B28C}.Debug|Any CPU.Build.0 = Debug|Any CPU
		{6D013741-D656-4756-ACF1-CDBE2DA7B28C}.Release|Any CPU.ActiveCfg = Release|Any CPU
		{6D013741-D656-4756-ACF1-CDBE2DA7B28C}.Release|Any CPU.Build.0 = Release|Any CPU
	EndGlobalSection
	GlobalSection(SolutionProperties) = preSolution
		HideSolutionNode = FALSE
	EndGlobalSection
	GlobalSection(ExtensibilityGlobals) = postSolution
		SolutionGuid = {B197F1F1-115F-40D3-B0DA-BCC5910E432A}
	EndGlobalSection
EndGlobal
